
Microsoft Visual Studio Solution File, Format Version 12.00
# Visual Studio Version 17
VisualStudioVersion = 17.14.36212.18 d17.14
MinimumVisualStudioVersion = 10.0.40219.1
Project("{FAE04EC0-301F-11D3-BF4B-00C04F79EFBC}") = "raven", "raven\raven.csproj", "{8735B61C-A052-4B14-B828-2946C533BA23}"
EndProject
Global
	GlobalSection(SolutionConfigurationPlatforms) = preSolution
		Debug|Any CPU = Debug|Any CPU
		Release|Any CPU = Release|Any CPU
	EndGlobalSection
	GlobalSection(ProjectConfigurationPlatforms) = postSolution
		{8735B61C-A052-4B14-B828-2946C533BA23}.Debug|Any CPU.ActiveCfg = Debug|Any CPU
		{8735B61C-A052-4B14-B828-2946C533BA23}.Debug|Any CPU.Build.0 = Debug|Any CPU
		{8735B61C-A052-4B14-B828-2946C533BA23}.Release|Any CPU.ActiveCfg = Release|Any CPU
		{8735B61C-A052-4B14-B828-2946C533BA23}.Release|Any CPU.Build.0 = Release|Any CPU
	EndGlobalSection
	GlobalSection(SolutionProperties) = preSolution
		HideSolutionNode = FALSE
	EndGlobalSection
	GlobalSection(ExtensibilityGlobals) = postSolution
		SolutionGuid = {977B8FA1-A129-4720-BB41-CA0E8491666F}
	EndGlobalSection
EndGlobal
